
Microsoft Visual Studio Solution File, Format Version 12.00
# Visual Studio 2013
VisualStudioVersion = 12.0.21005.1
MinimumVisualStudioVersion = 10.0.40219.1
Project("{FAE04EC0-301F-11D3-BF4B-00C04F79EFBC}") = "PotterShoppingCart", "..\PotterShoppingCart\PotterShoppingCart\PotterShoppingCart.csproj", "{937C667A-584E-48F7-83ED-A068938873E1}"
EndProject
Project("{FAE04EC0-301F-11D3-BF4B-00C04F79EFBC}") = "PotterShoppingCartTest", "..\PotterShoppingCart\PotterShoppingCartTest\PotterShoppingCartTest.csproj", "{2E0AAB8D-8FB0-4847-B8F7-7E93BCB83DA4}"
EndProject
Global
	GlobalSection(SolutionConfigurationPlatforms) = preSolution
		Debug|Any CPU = Debug|Any CPU
		Release|Any CPU = Release|Any CPU
	EndGlobalSection
	GlobalSection(ProjectConfigurationPlatforms) = postSolution
		{937C667A-584E-48F7-83ED-A068938873E1}.Debug|Any CPU.ActiveCfg = Debug|Any CPU
		{937C667A-584E-48F7-83ED-A068938873E1}.Debug|Any CPU.Build.0 = Debug|Any CPU
		{937C667A-584E-48F7-83ED-A068938873E1}.Release|Any CPU.ActiveCfg = Release|Any CPU
		{937C667A-584E-48F7-83ED-A068938873E1}.Release|Any CPU.Build.0 = Release|Any CPU
		{2E0AAB8D-8FB0-4847-B8F7-7E93BCB83DA4}.Debug|Any CPU.ActiveCfg = Debug|Any CPU
		{2E0AAB8D-8FB0-4847-B8F7-7E93BCB83DA4}.Debug|Any CPU.Build.0 = Debug|Any CPU
		{2E0AAB8D-8FB0-4847-B8F7-7E93BCB83DA4}.Release|Any CPU.ActiveCfg = Release|Any CPU
		{2E0AAB8D-8FB0-4847-B8F7-7E93BCB83DA4}.Release|Any CPU.Build.0 = Release|Any CPU
	EndGlobalSection
	GlobalSection(SolutionProperties) = preSolution
		HideSolutionNode = FALSE
	EndGlobalSection
EndGlobal
